
Microsoft Visual Studio Solution File, Format Version 12.00
Project("{FAE04EC0-301F-11D3-BF4B-00C04F79EFBC}") = "Betkibans.Server", "Betkibans.Server\Betkibans.Server.csproj", "{8339E15B-A2B2-4C38-AEF2-7C8CDADE2146}"
EndProject
Global
	GlobalSection(SolutionConfigurationPlatforms) = preSolution
		Debug|Any CPU = Debug|Any CPU
		Release|Any CPU = Release|Any CPU
	EndGlobalSection
	GlobalSection(ProjectConfigurationPlatforms) = postSolution
		{8339E15B-A2B2-4C38-AEF2-7C8CDADE2146}.Debug|Any CPU.ActiveCfg = Debug|Any CPU
		{8339E15B-A2B2-4C38-AEF2-7C8CDADE2146}.Debug|Any CPU.Build.0 = Debug|Any CPU
		{8339E15B-A2B2-4C38-AEF2-7C8CDADE2146}.Release|Any CPU.ActiveCfg = Release|Any CPU
		{8339E15B-A2B2-4C38-AEF2-7C8CDADE2146}.Release|Any CPU.Build.0 = Release|Any CPU
	EndGlobalSection
EndGlobal
